
Microsoft Visual Studio Solution File, Format Version 12.00
# Visual Studio 15
VisualStudioVersion = 15.0.28307.271
MinimumVisualStudioVersion = 10.0.40219.1
Project("{FAE04EC0-301F-11D3-BF4B-00C04F79EFBC}") = "MD5Calc", "MD5Calc\MD5Calc.csproj", "{70B35DCC-6F5A-40AC-BC02-C1FC717DBB2B}"
EndProject
Global
	GlobalSection(SolutionConfigurationPlatforms) = preSolution
		Debug|Any CPU = Debug|Any CPU
		Release|Any CPU = Release|Any CPU
	EndGlobalSection
	GlobalSection(ProjectConfigurationPlatforms) = postSolution
		{70B35DCC-6F5A-40AC-BC02-C1FC717DBB2B}.Debug|Any CPU.ActiveCfg = Debug|Any CPU
		{70B35DCC-6F5A-40AC-BC02-C1FC717DBB2B}.Debug|Any CPU.Build.0 = Debug|Any CPU
		{70B35DCC-6F5A-40AC-BC02-C1FC717DBB2B}.Release|Any CPU.ActiveCfg = Release|Any CPU
		{70B35DCC-6F5A-40AC-BC02-C1FC717DBB2B}.Release|Any CPU.Build.0 = Release|Any CPU
	EndGlobalSection
	GlobalSection(SolutionProperties) = preSolution
		HideSolutionNode = FALSE
	EndGlobalSection
	GlobalSection(ExtensibilityGlobals) = postSolution
		SolutionGuid = {E5E4795F-EA25-4B95-8A3E-FB9CD6B0507F}
	EndGlobalSection
EndGlobal
